schema: '2.0'
stages:
  make_datasets:
    cmd: python src/data/make_dataset.py
    deps:
    - path: data/external
      hash: md5
      md5: b437f279ad818738eca6b2044b60a594.dir
      size: 27784467
      nfiles: 2
    - path: src/data/make_dataset.py
      hash: md5
      md5: b4edbc0eb0cd8160527ea6747ce428a2
      size: 1888
    params:
      params.yaml:
        make_dataset.test_size: 0.2
    outs:
    - path: data/raw
      hash: md5
      md5: e0c59c862222681a3025c2bd1173689e.dir
      size: 6925805
      nfiles: 2
  preprocess_data:
    cmd: python -m src.data.preprocess_data
    deps:
    - path: data/raw
      hash: md5
      md5: e0c59c862222681a3025c2bd1173689e.dir
      size: 6925805
      nfiles: 2
    - path: src/data/preprocess_data.py
      hash: md5
      md5: 28aced9d9eff8714469f740eb3603a0c
      size: 1246
    - path: src/utils
      hash: md5
      md5: d2d9e5a035f7a6286aab96ce0e44d552.dir
      size: 3055
      nfiles: 4
    outs:
    - path: data/processed
      hash: md5
      md5: efe31e5657af679753fb160d8d35c581.dir
      size: 6574838
      nfiles: 2
  build_features:
    cmd: python src/features./build_features.py
    deps:
    - path: data/processed
      hash: md5
      md5: 5706cf1299c68196dbbc15809d67edef.dir
      size: 5356533
      nfiles: 2
    - path: src/features/build_features.py
      hash: md5
      md5: 292ded1d9614da6c032ddf5827149ed1
      size: 1039
    params:
      params.yaml:
        build_features.max_features: 5000
    outs:
    - path: artifacts/features
      hash: md5
      md5: bb656ceb36428aa10a91b669b22778f4.dir
      size: 146073
      nfiles: 1
    - path: data/interim
      hash: md5
      md5: 5b76f110087484ffe07bf86ebed7aa11.dir
      size: 1144425
      nfiles: 2
  train_model:
    cmd: python src/models/train_model.py
    deps:
    - path: data/processed
      hash: md5
      md5: efe31e5657af679753fb160d8d35c581.dir
      size: 6574838
      nfiles: 2
    - path: src/models/train_model.py
      hash: md5
      md5: 7b18dbb6f2f872d7fd36a02dc7f62b79
      size: 1833
    params:
      params.yaml:
        train_model.max_features: 5000
    outs:
    - path: artifacts/models
      hash: md5
      md5: a1e29090b6a99b472fada751abbb5368.dir
      size: 16780235
      nfiles: 1
  predict_model:
    cmd: python src/models/predict_model.py
    deps:
    - path: artifacts
      hash: md5
      md5: b94e1a9b13686adb2fa3aa97f0153984.dir
      size: 17398593
      nfiles: 4
    - path: data/processed
      hash: md5
      md5: efe31e5657af679753fb160d8d35c581.dir
      size: 6574838
      nfiles: 2
    - path: src/models/predict_model.py
      hash: md5
      md5: e43d7db80ec3964a0bb9816115477727
      size: 1642
