schema: '2.0'
stages:
  make_datasets:
    cmd: python src/data/make_dataset.py
    deps:
    - path: data/external
      hash: md5
      md5: b437f279ad818738eca6b2044b60a594.dir
      size: 27784467
      nfiles: 2
    - path: src/data/make_dataset.py
      hash: md5
      md5: 2a6ea916a7f301b92484985bd123f798
      size: 1779
    params:
      params.yaml:
        make_dataset.test_size: 0.2
    outs:
    - path: data/raw
      hash: md5
      md5: 041289e3cdb0145750737b189ef68fc0.dir
      size: 7138591
      nfiles: 2
  preprocess_data:
    cmd: python src/data/preprocess_data.py
    deps:
    - path: data/raw
      hash: md5
      md5: 041289e3cdb0145750737b189ef68fc0.dir
      size: 7138591
      nfiles: 2
    - path: src/data/preprocess_data.py
      hash: md5
      md5: 470f36787eefce81fe365cdd07956ff5
      size: 1951
    outs:
    - path: data/processed
      hash: md5
      md5: effc2cd2bc06188da71db7c18f105e2e.dir
      size: 5356533
      nfiles: 2
  build_features:
    cmd: python src/features./build_features.py
    deps:
    - path: data/processed
      hash: md5
      md5: 5706cf1299c68196dbbc15809d67edef.dir
      size: 5356533
      nfiles: 2
    - path: src/features/build_features.py
      hash: md5
      md5: 292ded1d9614da6c032ddf5827149ed1
      size: 1039
    params:
      params.yaml:
        build_features.max_features: 5000
    outs:
    - path: artifacts/features
      hash: md5
      md5: bb656ceb36428aa10a91b669b22778f4.dir
      size: 146073
      nfiles: 1
    - path: data/interim
      hash: md5
      md5: 5b76f110087484ffe07bf86ebed7aa11.dir
      size: 1144425
      nfiles: 2
  train_model:
    cmd: python src/models/train_model.py
    deps:
    - path: data/processed
      hash: md5
      md5: effc2cd2bc06188da71db7c18f105e2e.dir
      size: 5356533
      nfiles: 2
    - path: src/models/train_model.py
      hash: md5
      md5: 3a9776e6f9fb9403821780aa07c7ef33
      size: 1087
    params:
      params.yaml:
        train_model.max_features: 5000
    outs:
    - path: artifacts/models
      hash: md5
      md5: d7eb212f867963fde70a199ced61f34f.dir
      size: 5492260
      nfiles: 1
  predict_model:
    cmd: python src/models/predict_model.py
    deps:
    - path: artifacts
      hash: md5
      md5: b1583c6ff82a37595f84a07c1d962443.dir
      size: 6110618
      nfiles: 4
    - path: data/processed
      hash: md5
      md5: effc2cd2bc06188da71db7c18f105e2e.dir
      size: 5356533
      nfiles: 2
    - path: src/models/predict_model.py
      hash: md5
      md5: 1dcf4dbde9abf32ee48db01b985fd50c
      size: 1426
