schema: '2.0'
stages:
  make_datasets:
    cmd: python src/data/make_dataset.py
    deps:
    - path: data/external
      hash: md5
      md5: b437f279ad818738eca6b2044b60a594.dir
      size: 27784467
      nfiles: 2
    - path: src/data/make_dataset.py
      hash: md5
      md5: a6ec9cbb4e537438358848a25bffb818
      size: 1721
    params:
      params.yaml:
        make_dataset.test_size: 0.2
    outs:
    - path: data/raw
      hash: md5
      md5: 8dfa9a8333e9b4df70cc491f2c42beda.dir
      size: 7101340
      nfiles: 2
  preprocess_data:
    cmd: python src/data/preprocess_data.py
    deps:
    - path: data/raw
      hash: md5
      md5: 8dfa9a8333e9b4df70cc491f2c42beda.dir
      size: 7101340
      nfiles: 2
    - path: src/data/preprocess_data.py
      hash: md5
      md5: 666338919be7bde400d276ec62eaff17
      size: 1894
    outs:
    - path: data/processed
      hash: md5
      md5: 4d06293369979f6888333b3765164e94.dir
      size: 5319503
      nfiles: 2
  build_features:
    cmd: python src/features./build_features.py
    deps:
    - path: data/processed
      hash: md5
      md5: 5706cf1299c68196dbbc15809d67edef.dir
      size: 5356533
      nfiles: 2
    - path: src/features/build_features.py
      hash: md5
      md5: 292ded1d9614da6c032ddf5827149ed1
      size: 1039
    params:
      params.yaml:
        build_features.max_features: 5000
    outs:
    - path: artifacts/features
      hash: md5
      md5: bb656ceb36428aa10a91b669b22778f4.dir
      size: 146073
      nfiles: 1
    - path: data/interim
      hash: md5
      md5: 5b76f110087484ffe07bf86ebed7aa11.dir
      size: 1144425
      nfiles: 2
  train_model:
    cmd: python src/models/train_model.py
    deps:
    - path: data/processed
      hash: md5
      md5: 4d06293369979f6888333b3765164e94.dir
      size: 5319503
      nfiles: 2
    - path: src/models/train_model.py
      hash: md5
      md5: d187767bedd9cb9cc2c5434df8451a18
      size: 1047
    params:
      params.yaml:
        train_model.max_features: 5000
    outs:
    - path: artifacts/models
      hash: md5
      md5: b9cb691a4cc419585b65ccbe0cb44fa5.dir
      size: 3092382
      nfiles: 1
  predict_model:
    cmd: python src/models/predict_model.py
    deps:
    - path: artifacts
      hash: md5
      md5: f1048eb00c165c82c882ed6665de7cb4.dir
      size: 3710738
      nfiles: 4
    - path: data/processed
      hash: md5
      md5: 4d06293369979f6888333b3765164e94.dir
      size: 5319503
      nfiles: 2
    - path: src/models/predict_model.py
      hash: md5
      md5: ed667bb25972046c955b0ef2d86f3228
      size: 1432
